// !$*UTF8*$!
{
	archiveVersion = 1;
	classes = {
	};
	objectVersion = 50;
	objects = {

/* Begin PBXBuildFile section */
		520BBBA122C40D9C0096BE79 /* AppDelegate.swift in Sources */ = {isa = PBXBuildFile; fileRef = 520BBBA022C40D9C0096BE79 /* AppDelegate.swift */; };
		520BBBA322C40D9C0096BE79 /* ViewController.swift in Sources */ = {isa = PBXBuildFile; fileRef = 520BBBA222C40D9C0096BE79 /* ViewController.swift */; };
		520BBBA622C40D9C0096BE79 /* Main.storyboard in Resources */ = {isa = PBXBuildFile; fileRef = 520BBBA422C40D9C0096BE79 /* Main.storyboard */; };
		520BBBA922C40D9C0096BE79 /* About_Myself.xcdatamodeld in Sources */ = {isa = PBXBuildFile; fileRef = 520BBBA722C40D9C0096BE79 /* About_Myself.xcdatamodeld */; };
		520BBBAB22C40D9D0096BE79 /* Assets.xcassets in Resources */ = {isa = PBXBuildFile; fileRef = 520BBBAA22C40D9D0096BE79 /* Assets.xcassets */; };
		520BBBAE22C40D9D0096BE79 /* LaunchScreen.storyboard in Resources */ = {isa = PBXBuildFile; fileRef = 520BBBAC22C40D9D0096BE79 /* LaunchScreen.storyboard */; };
/* End PBXBuildFile section */

/* Begin PBXFileReference section */
		520BBB9D22C40D9C0096BE79 /* About Myself.app */ = {isa = PBXFileReference; explicitFileType = wrapper.application; includeInIndex = 0; path = "About Myself.app"; sourceTree = BUILT_PRODUCTS_DIR; };
		520BBBA022C40D9C0096BE79 /* AppDelegate.swift */ = {isa = PBXFileReference; lastKnownFileType = sourcecode.swift; path = AppDelegate.swift; sourceTree = "<group>"; };
		520BBBA222C40D9C0096BE79 /* ViewController.swift */ = {isa = PBXFileReference; lastKnownFileType = sourcecode.swift; path = ViewController.swift; sourceTree = "<group>"; };
		520BBBA522C40D9C0096BE79 /* Base */ = {isa = PBXFileReference; lastKnownFileType = file.storyboard; name = Base; path = Base.lproj/Main.storyboard; sourceTree = "<group>"; };
		520BBBA822C40D9C0096BE79 /* About_Myself.xcdatamodel */ = {isa = PBXFileReference; lastKnownFileType = wrapper.xcdatamodel; path = About_Myself.xcdatamodel; sourceTree = "<group>"; };
		520BBBAA22C40D9D0096BE79 /* Assets.xcassets */ = {isa = PBXFileReference; lastKnownFileType = folder.assetcatalog; path = Assets.xcassets; sourceTree = "<group>"; };
		520BBBAD22C40D9D0096BE79 /* Base */ = {isa = PBXFileReference; lastKnownFileType = file.storyboard; name = Base; path = Base.lproj/LaunchScreen.storyboard; sourceTree = "<group>"; };
		520BBBAF22C40D9D0096BE79 /* Info.plist */ = {isa = PBXFileReference; lastKnownFileType = text.plist.xml; path = Info.plist; sourceTree = "<group>"; };
/* End PBXFileReference section */

/* Begin PBXFrameworksBuildPhase section */
		520BBB9A22C40D9C0096BE79 /* Frameworks */ = {
			isa = PBXFrameworksBuildPhase;
			buildActionMask = 2147483647;
			files = (
			);
			runOnlyForDeploymentPostprocessing = 0;
		};
/* End PBXFrameworksBuildPhase section */

/* Begin PBXGroup section */
		520BBB9422C40D9C0096BE79 = {
			isa = PBXGroup;
			children = (
				520BBB9F22C40D9C0096BE79 /* About Myself */,
				520BBB9E22C40D9C0096BE79 /* Products */,
			);
			sourceTree = "<group>";
		};
		520BBB9E22C40D9C0096BE79 /* Products */ = {
			isa = PBXGroup;
			children = (
				520BBB9D22C40D9C0096BE79 /* About Myself.app */,
			);
			name = Products;
			sourceTree = "<group>";
		};
		520BBB9F22C40D9C0096BE79 /* About Myself */ = {
			isa = PBXGroup;
			children = (
				520BBBA022C40D9C0096BE79 /* AppDelegate.swift */,
				520BBBA222C40D9C0096BE79 /* ViewController.swift */,
				520BBBA422C40D9C0096BE79 /* Main.storyboard */,
				520BBBAA22C40D9D0096BE79 /* Assets.xcassets */,
				520BBBAC22C40D9D0096BE79 /* LaunchScreen.storyboard */,
				520BBBAF22C40D9D0096BE79 /* Info.plist */,
				520BBBA722C40D9C0096BE79 /* About_Myself.xcdatamodeld */,
			);
			path = "About Myself";
			sourceTree = "<group>";
		};
/* End PBXGroup section */

/* Begin PBXNativeTarget section */
		520BBB9C22C40D9C0096BE79 /* About Myself */ = {
			isa = PBXNativeTarget;
			buildConfigurationList = 520BBBB222C40D9D0096BE79 /* Build configuration list for PBXNativeTarget "About Myself" */;
			buildPhases = (
				520BBB9922C40D9C0096BE79 /* Sources */,
				520BBB9A22C40D9C0096BE79 /* Frameworks */,
				520BBB9B22C40D9C0096BE79 /* Resources */,
			);
			buildRules = (
			);
			dependencies = (
			);
			name = "About Myself";
			productName = "About Myself";
			productReference = 520BBB9D22C40D9C0096BE79 /* About Myself.app */;
			productType = "com.apple.product-type.application";
		};
/* End PBXNativeTarget section */

/* Begin PBXProject section */
		520BBB9522C40D9C0096BE79 /* Project object */ = {
			isa = PBXProject;
			attributes = {
				LastSwiftUpdateCheck = 1020;
				LastUpgradeCheck = 1020;
				ORGANIZATIONNAME = "John Kostanov";
				TargetAttributes = {
					520BBB9C22C40D9C0096BE79 = {
						CreatedOnToolsVersion = 10.2.1;
					};
				};
			};
			buildConfigurationList = 520BBB9822C40D9C0096BE79 /* Build configuration list for PBXProject "About Myself" */;
			compatibilityVersion = "Xcode 9.3";
			developmentRegion = en;
			hasScannedForEncodings = 0;
			knownRegions = (
				en,
				Base,
			);
			mainGroup = 520BBB9422C40D9C0096BE79;
			productRefGroup = 520BBB9E22C40D9C0096BE79 /* Products */;
			projectDirPath = "";
			projectRoot = "";
			targets = (
				520BBB9C22C40D9C0096BE79 /* About Myself */,
			);
		};
/* End PBXProject section */

/* Begin PBXResourcesBuildPhase section */
		520BBB9B22C40D9C0096BE79 /* Resources */ = {
			isa = PBXResourcesBuildPhase;
			buildActionMask = 2147483647;
			files = (
				520BBBAE22C40D9D0096BE79 /* LaunchScreen.storyboard in Resources */,
				520BBBAB22C40D9D0096BE79 /* Assets.xcassets in Resources */,
				520BBBA622C40D9C0096BE79 /* Main.storyboard in Resources */,
			);
			runOnlyForDeploymentPostprocessing = 0;
		};
/* End PBXResourcesBuildPhase section */

/* Begin PBXSourcesBuildPhase section */
		520BBB9922C40D9C0096BE79 /* Sources */ = {
			isa = PBXSourcesBuildPhase;
			buildActionMask = 2147483647;
			files = (
				520BBBA922C40D9C0096BE79 /* About_Myself.xcdatamodeld in Sources */,
				520BBBA322C40D9C0096BE79 /* ViewController.swift in Sources */,
				520BBBA122C40D9C0096BE79 /* AppDelegate.swift in Sources */,
			);
			runOnlyForDeploymentPostprocessing = 0;
		};
/* End PBXSourcesBuildPhase section */

/* Begin PBXVariantGroup section */
		520BBBA422C40D9C0096BE79 /* Main.storyboard */ = {
			isa = PBXVariantGroup;
			children = (
				520BBBA522C40D9C0096BE79 /* Base */,
			);
			name = Main.storyboard;
			sourceTree = "<group>";
		};
		520BBBAC22C40D9D0096BE79 /* LaunchScreen.storyboard */ = {
			isa = PBXVariantGroup;
			children = (
				520BBBAD22C40D9D0096BE79 /* Base */,
			);
			name = LaunchScreen.storyboard;
			sourceTree = "<group>";
		};
/* End PBXVariantGroup section */

/* Begin XCBuildConfiguration section */
		520BBBB022C40D9D0096BE79 /* Debug */ = {
			isa = XCBuildConfiguration;
			buildSettings = {
				ALWAYS_SEARCH_USER_PATHS = NO;
				CLANG_ANALYZER_NONNULL = YES;
				CLANG_ANALYZER_NUMBER_OBJECT_CONVERSION = YES_AGGRESSIVE;
				CLANG_CXX_LANGUAGE_STANDARD = "gnu++14";
				CLANG_CXX_LIBRARY = "libc++";
				CLANG_ENABLE_MODULES = YES;
				CLANG_ENABLE_OBJC_ARC = YES;
				CLANG_ENABLE_OBJC_WEAK = YES;
				CLANG_WARN_BLOCK_CAPTURE_AUTORELEASING = YES;
				CLANG_WARN_BOOL_CONVERSION = YES;
				CLANG_WARN_COMMA = YES;
				CLANG_WARN_CONSTANT_CONVERSION = YES;
				CLANG_WARN_DEPRECATED_OBJC_IMPLEMENTATIONS = YES;
				CLANG_WARN_DIRECT_OBJC_ISA_USAGE = YES_ERROR;
				CLANG_WARN_DOCUMENTATION_COMMENTS = YES;
				CLANG_WARN_EMPTY_BODY = YES;
				CLANG_WARN_ENUM_CONVERSION = YES;
				CLANG_WARN_INFINITE_RECURSION = YES;
				CLANG_WARN_INT_CONVERSION = YES;
				CLANG_WARN_NON_LITERAL_NULL_CONVERSION = YES;
				CLANG_WARN_OBJC_IMPLICIT_RETAIN_SELF = YES;
				CLANG_WARN_OBJC_LITERAL_CONVERSION = YES;
				CLANG_WARN_OBJC_ROOT_CLASS = YES_ERROR;
				CLANG_WARN_RANGE_LOOP_ANALYSIS = YES;
				CLANG_WARN_STRICT_PROTOTYPES = YES;
				CLANG_WARN_SUSPICIOUS_MOVE = YES;
				CLANG_WARN_UNGUARDED_AVAILABILITY = YES_AGGRESSIVE;
				CLANG_WARN_UNREACHABLE_CODE = YES;
				CLANG_WARN__DUPLICATE_METHOD_MATCH = YES;
				CODE_SIGN_IDENTITY = "iPhone Developer";
				COPY_PHASE_STRIP = NO;
				DEBUG_INFORMATION_FORMAT = dwarf;
				ENABLE_STRICT_OBJC_MSGSEND = YES;
				ENABLE_TESTABILITY = YES;
				GCC_C_LANGUAGE_STANDARD = gnu11;
				GCC_DYNAMIC_NO_PIC = NO;
				GCC_NO_COMMON_BLOCKS = YES;
				GCC_OPTIMIZATION_LEVEL = 0;
				GCC_PREPROCESSOR_DEFINITIONS = (
					"DEBUG=1",
					"$(inherited)",
				);
				GCC_WARN_64_TO_32_BIT_CONVERSION = YES;
				GCC_WARN_ABOUT_RETURN_TYPE = YES_ERROR;
				GCC_WARN_UNDECLARED_SELECTOR = YES;
				GCC_WARN_UNINITIALIZED_AUTOS = YES_AGGRESSIVE;
				GCC_WARN_UNUSED_FUNCTION = YES;
				GCC_WARN_UNUSED_VARIABLE = YES;
				IPHONEOS_DEPLOYMENT_TARGET = 12.2;
				MTL_ENABLE_DEBUG_INFO = INCLUDE_SOURCE;
				MTL_FAST_MATH = YES;
				ONLY_ACTIVE_ARCH = YES;
				SDKROOT = iphoneos;
				SWIFT_ACTIVE_COMPILATION_CONDITIONS = DEBUG;
				SWIFT_OPTIMIZATION_LEVEL = "-Onone";
			};
			name = Debug;
		};
		520BBBB122C40D9D0096BE79 /* Release */ = {
			isa = XCBuildConfiguration;
			buildSettings = {
				ALWAYS_SEARCH_USER_PATHS = NO;
				CLANG_ANALYZER_NONNULL = YES;
				CLANG_ANALYZER_NUMBER_OBJECT_CONVERSION = YES_AGGRESSIVE;
				CLANG_CXX_LANGUAGE_STANDARD = "gnu++14";
				CLANG_CXX_LIBRARY = "libc++";
				CLANG_ENABLE_MODULES = YES;
				CLANG_ENABLE_OBJC_ARC = YES;
				CLANG_ENABLE_OBJC_WEAK = YES;
				CLANG_WARN_BLOCK_CAPTURE_AUTORELEASING = YES;
				CLANG_WARN_BOOL_CONVERSION = YES;
				CLANG_WARN_COMMA = YES;
				CLANG_WARN_CONSTANT_CONVERSION = YES;
				CLANG_WARN_DEPRECATED_OBJC_IMPLEMENTATIONS = YES;
				CLANG_WARN_DIRECT_OBJC_ISA_USAGE = YES_ERROR;
				CLANG_WARN_DOCUMENTATION_COMMENTS = YES;
				CLANG_WARN_EMPTY_BODY = YES;
				CLANG_WARN_ENUM_CONVERSION = YES;
				CLANG_WARN_INFINITE_RECURSION = YES;
				CLANG_WARN_INT_CONVERSION = YES;
				CLANG_WARN_NON_LITERAL_NULL_CONVERSION = YES;
				CLANG_WARN_OBJC_IMPLICIT_RETAIN_SELF = YES;
				CLANG_WARN_OBJC_LITERAL_CONVERSION = YES;
				CLANG_WARN_OBJC_ROOT_CLASS = YES_ERROR;
				CLANG_WARN_RANGE_LOOP_ANALYSIS = YES;
				CLANG_WARN_STRICT_PROTOTYPES = YES;
				CLANG_WARN_SUSPICIOUS_MOVE = YES;
				CLANG_WARN_UNGUARDED_AVAILABILITY = YES_AGGRESSIVE;
				CLANG_WARN_UNREACHABLE_CODE = YES;
				CLANG_WARN__DUPLICATE_METHOD_MATCH = YES;
				CODE_SIGN_IDENTITY = "iPhone Developer";
				COPY_PHASE_STRIP = NO;
				DEBUG_INFORMATION_FORMAT = "dwarf-with-dsym";
				ENABLE_NS_ASSERTIONS = NO;
				ENABLE_STRICT_OBJC_MSGSEND = YES;
				GCC_C_LANGUAGE_STANDARD = gnu11;
				GCC_NO_COMMON_BLOCKS = YES;
				GCC_WARN_64_TO_32_BIT_CONVERSION = YES;
				GCC_WARN_ABOUT_RETURN_TYPE = YES_ERROR;
				GCC_WARN_UNDECLARED_SELECTOR = YES;
				GCC_WARN_UNINITIALIZED_AUTOS = YES_AGGRESSIVE;
				GCC_WARN_UNUSED_FUNCTION = YES;
				GCC_WARN_UNUSED_VARIABLE = YES;
				IPHONEOS_DEPLOYMENT_TARGET = 12.2;
				MTL_ENABLE_DEBUG_INFO = NO;
				MTL_FAST_MATH = YES;
				SDKROOT = iphoneos;
				SWIFT_COMPILATION_MODE = wholemodule;
				SWIFT_OPTIMIZATION_LEVEL = "-O";
				VALIDATE_PRODUCT = YES;
			};
			name = Release;
		};
		520BBBB322C40D9D0096BE79 /* Debug */ = {
			isa = XCBuildConfiguration;
			buildSettings = {
				ASSETCATALOG_COMPILER_APPICON_NAME = AppIcon;
				CODE_SIGN_STYLE = Automatic;
				DEVELOPMENT_TEAM = 5K285D3RL3;
				INFOPLIST_FILE = "About Myself/Info.plist";
				LD_RUNPATH_SEARCH_PATHS = (
					"$(inherited)",
					"@executable_path/Frameworks",
				);
				PRODUCT_BUNDLE_IDENTIFIER = "John-Kostanov.About-Myself";
				PRODUCT_NAME = "$(TARGET_NAME)";
				SWIFT_VERSION = 5.0;
				TARGETED_DEVICE_FAMILY = "1,2";
			};
			name = Debug;
		};
		520BBBB422C40D9D0096BE79 /* Release */ = {
			isa = XCBuildConfiguration;
			buildSettings = {
				ASSETCATALOG_COMPILER_APPICON_NAME = AppIcon;
				CODE_SIGN_STYLE = Automatic;
				DEVELOPMENT_TEAM = 5K285D3RL3;
				INFOPLIST_FILE = "About Myself/Info.plist";
				LD_RUNPATH_SEARCH_PATHS = (
					"$(inherited)",
					"@executable_path/Frameworks",
				);
				PRODUCT_BUNDLE_IDENTIFIER = "John-Kostanov.About-Myself";
				PRODUCT_NAME = "$(TARGET_NAME)";
				SWIFT_VERSION = 5.0;
				TARGETED_DEVICE_FAMILY = "1,2";
			};
			name = Release;
		};
/* End XCBuildConfiguration section */

/* Begin XCConfigurationList section */
		520BBB9822C40D9C0096BE79 /* Build configuration list for PBXProject "About Myself" */ = {
			isa = XCConfigurationList;
			buildConfigurations = (
				520BBBB022C40D9D0096BE79 /* Debug */,
				520BBBB122C40D9D0096BE79 /* Release */,
			);
			defaultConfigurationIsVisible = 0;
			defaultConfigurationName = Release;
		};
		520BBBB222C40D9D0096BE79 /* Build configuration list for PBXNativeTarget "About Myself" */ = {
			isa = XCConfigurationList;
			buildConfigurations = (
				520BBBB322C40D9D0096BE79 /* Debug */,
				520BBBB422C40D9D0096BE79 /* Release */,
			);
			defaultConfigurationIsVisible = 0;
			defaultConfigurationName = Release;
		};
/* End XCConfigurationList section */

/* Begin XCVersionGroup section */
		520BBBA722C40D9C0096BE79 /* About_Myself.xcdatamodeld */ = {
			isa = XCVersionGroup;
			children = (
				520BBBA822C40D9C0096BE79 /* About_Myself.xcdatamodel */,
			);
			currentVersion = 520BBBA822C40D9C0096BE79 /* About_Myself.xcdatamodel */;
			path = About_Myself.xcdatamodeld;
			sourceTree = "<group>";
			versionGroupType = wrapper.xcdatamodel;
		};
/* End XCVersionGroup section */
	};
	rootObject = 520BBB9522C40D9C0096BE79 /* Project object */;
}
